
Microsoft Visual Studio Solution File, Format Version 12.00
# Visual Studio Version 16
VisualStudioVersion = 16.0.30523.141
MinimumVisualStudioVersion = 10.0.40219.1
Project("{FAE04EC0-301F-11D3-BF4B-00C04F79EFBC}") = "MyApp", "MyApp\MyApp.csproj", "{943A9459-C0A7-4E9B-913D-1BC31006035F}"
EndProject
Global
	GlobalSection(SolutionConfigurationPlatforms) = preSolution
		Debug|Any CPU = Debug|Any CPU
		Release|Any CPU = Release|Any CPU
	EndGlobalSection
	GlobalSection(ProjectConfigurationPlatforms) = postSolution
		{943A9459-C0A7-4E9B-913D-1BC31006035F}.Debug|Any CPU.ActiveCfg = Debug|Any CPU
		{943A9459-C0A7-4E9B-913D-1BC31006035F}.Debug|Any CPU.Build.0 = Debug|Any CPU
		{943A9459-C0A7-4E9B-913D-1BC31006035F}.Release|Any CPU.ActiveCfg = Release|Any CPU
		{943A9459-C0A7-4E9B-913D-1BC31006035F}.Release|Any CPU.Build.0 = Release|Any CPU
	EndGlobalSection
	GlobalSection(SolutionProperties) = preSolution
		HideSolutionNode = FALSE
	EndGlobalSection
	GlobalSection(ExtensibilityGlobals) = postSolution
		SolutionGuid = {74408B78-5DA4-42AF-B26D-6B1B55BA48BF}
	EndGlobalSection
EndGlobal
